
Microsoft Visual Studio Solution File, Format Version 12.00
# Visual Studio 15
VisualStudioVersion = 15.0.26124.0
MinimumVisualStudioVersion = 15.0.26124.0
Project("{2150E333-8FDC-42A3-9474-1A3956D46DE8}") = "src", "src", "{4C48949A-9B4F-4B30-9299-2C14D3867D69}"
EndProject
Project("{FAE04EC0-301F-11D3-BF4B-00C04F79EFBC}") = "SimpleAPI", "src\SimpleAPI\SimpleAPI.csproj", "{03C27D08-F579-4C2E-9FEB-177DF2C185A1}"
EndProject
Project("{2150E333-8FDC-42A3-9474-1A3956D46DE8}") = "test", "test", "{64CB60FE-5B9E-4C26-A793-73E6F8E4CC4E}"
EndProject
Project("{FAE04EC0-301F-11D3-BF4B-00C04F79EFBC}") = "SimpleAPI.Test", "test\SimpleAPI.Test\SimpleAPI.Test.csproj", "{689FC24F-D524-4921-BB56-DF1E35452F9B}"
EndProject
Global
	GlobalSection(SolutionConfigurationPlatforms) = preSolution
		Debug|Any CPU = Debug|Any CPU
		Debug|x64 = Debug|x64
		Debug|x86 = Debug|x86
		Release|Any CPU = Release|Any CPU
		Release|x64 = Release|x64
		Release|x86 = Release|x86
	EndGlobalSection
	GlobalSection(SolutionProperties) = preSolution
		HideSolutionNode = FALSE
	EndGlobalSection
	GlobalSection(ProjectConfigurationPlatforms) = postSolution
		{03C27D08-F579-4C2E-9FEB-177DF2C185A1}.Debug|Any CPU.ActiveCfg = Debug|Any CPU
		{03C27D08-F579-4C2E-9FEB-177DF2C185A1}.Debug|Any CPU.Build.0 = Debug|Any CPU
		{03C27D08-F579-4C2E-9FEB-177DF2C185A1}.Debug|x64.ActiveCfg = Debug|Any CPU
		{03C27D08-F579-4C2E-9FEB-177DF2C185A1}.Debug|x64.Build.0 = Debug|Any CPU
		{03C27D08-F579-4C2E-9FEB-177DF2C185A1}.Debug|x86.ActiveCfg = Debug|Any CPU
		{03C27D08-F579-4C2E-9FEB-177DF2C185A1}.Debug|x86.Build.0 = Debug|Any CPU
		{03C27D08-F579-4C2E-9FEB-177DF2C185A1}.Release|Any CPU.ActiveCfg = Release|Any CPU
		{03C27D08-F579-4C2E-9FEB-177DF2C185A1}.Release|Any CPU.Build.0 = Release|Any CPU
		{03C27D08-F579-4C2E-9FEB-177DF2C185A1}.Release|x64.ActiveCfg = Release|Any CPU
		{03C27D08-F579-4C2E-9FEB-177DF2C185A1}.Release|x64.Build.0 = Release|Any CPU
		{03C27D08-F579-4C2E-9FEB-177DF2C185A1}.Release|x86.ActiveCfg = Release|Any CPU
		{03C27D08-F579-4C2E-9FEB-177DF2C185A1}.Release|x86.Build.0 = Release|Any CPU
		{689FC24F-D524-4921-BB56-DF1E35452F9B}.Debug|Any CPU.ActiveCfg = Debug|Any CPU
		{689FC24F-D524-4921-BB56-DF1E35452F9B}.Debug|Any CPU.Build.0 = Debug|Any CPU
		{689FC24F-D524-4921-BB56-DF1E35452F9B}.Debug|x64.ActiveCfg = Debug|Any CPU
		{689FC24F-D524-4921-BB56-DF1E35452F9B}.Debug|x64.Build.0 = Debug|Any CPU
		{689FC24F-D524-4921-BB56-DF1E35452F9B}.Debug|x86.ActiveCfg = Debug|Any CPU
		{689FC24F-D524-4921-BB56-DF1E35452F9B}.Debug|x86.Build.0 = Debug|Any CPU
		{689FC24F-D524-4921-BB56-DF1E35452F9B}.Release|Any CPU.ActiveCfg = Release|Any CPU
		{689FC24F-D524-4921-BB56-DF1E35452F9B}.Release|Any CPU.Build.0 = Release|Any CPU
		{689FC24F-D524-4921-BB56-DF1E35452F9B}.Release|x64.ActiveCfg = Release|Any CPU
		{689FC24F-D524-4921-BB56-DF1E35452F9B}.Release|x64.Build.0 = Release|Any CPU
		{689FC24F-D524-4921-BB56-DF1E35452F9B}.Release|x86.ActiveCfg = Release|Any CPU
		{689FC24F-D524-4921-BB56-DF1E35452F9B}.Release|x86.Build.0 = Release|Any CPU
	EndGlobalSection
	GlobalSection(NestedProjects) = preSolution
		{03C27D08-F579-4C2E-9FEB-177DF2C185A1} = {4C48949A-9B4F-4B30-9299-2C14D3867D69}
		{689FC24F-D524-4921-BB56-DF1E35452F9B} = {64CB60FE-5B9E-4C26-A793-73E6F8E4CC4E}
	EndGlobalSection
EndGlobal
